
Microsoft Visual Studio Solution File, Format Version 12.00
# Visual Studio Version 17
VisualStudioVersion = 17.5.33502.453
MinimumVisualStudioVersion = 10.0.40219.1
Project("{FAE04EC0-301F-11D3-BF4B-00C04F79EFBC}") = "Operators", "Operators\Operators.csproj", "{A890F299-FD95-466D-A4A8-6048FAA05653}"
EndProject
Global
	GlobalSection(SolutionConfigurationPlatforms) = preSolution
		Debug|Any CPU = Debug|Any CPU
		Release|Any CPU = Release|Any CPU
	EndGlobalSection
	GlobalSection(ProjectConfigurationPlatforms) = postSolution
		{A890F299-FD95-466D-A4A8-6048FAA05653}.Debug|Any CPU.ActiveCfg = Debug|Any CPU
		{A890F299-FD95-466D-A4A8-6048FAA05653}.Debug|Any CPU.Build.0 = Debug|Any CPU
		{A890F299-FD95-466D-A4A8-6048FAA05653}.Release|Any CPU.ActiveCfg = Release|Any CPU
		{A890F299-FD95-466D-A4A8-6048FAA05653}.Release|Any CPU.Build.0 = Release|Any CPU
	EndGlobalSection
	GlobalSection(SolutionProperties) = preSolution
		HideSolutionNode = FALSE
	EndGlobalSection
	GlobalSection(ExtensibilityGlobals) = postSolution
		SolutionGuid = {7FB4412A-61BC-4D80-A3C8-026E89F367BB}
	EndGlobalSection
EndGlobal
